
Microsoft Visual Studio Solution File, Format Version 12.00
# Visual Studio Version 17
VisualStudioVersion = 17.2.32630.192
MinimumVisualStudioVersion = 10.0.40219.1
Project("{FAE04EC0-301F-11D3-BF4B-00C04F79EFBC}") = "Galactica", "Galactica\Galactica.csproj", "{60CCC541-92A8-4C84-BDC6-8C0B235D7EFB}"
EndProject
Global
	GlobalSection(SolutionConfigurationPlatforms) = preSolution
		Debug|Any CPU = Debug|Any CPU
		Release|Any CPU = Release|Any CPU
	EndGlobalSection
	GlobalSection(ProjectConfigurationPlatforms) = postSolution
		{60CCC541-92A8-4C84-BDC6-8C0B235D7EFB}.Debug|Any CPU.ActiveCfg = Debug|Any CPU
		{60CCC541-92A8-4C84-BDC6-8C0B235D7EFB}.Debug|Any CPU.Build.0 = Debug|Any CPU
		{60CCC541-92A8-4C84-BDC6-8C0B235D7EFB}.Release|Any CPU.ActiveCfg = Release|Any CPU
		{60CCC541-92A8-4C84-BDC6-8C0B235D7EFB}.Release|Any CPU.Build.0 = Release|Any CPU
	EndGlobalSection
	GlobalSection(SolutionProperties) = preSolution
		HideSolutionNode = FALSE
	EndGlobalSection
	GlobalSection(ExtensibilityGlobals) = postSolution
		SolutionGuid = {0F49CA30-4021-46A9-967A-2F30012558EF}
	EndGlobalSection
EndGlobal
